
Microsoft Visual Studio Solution File, Format Version 12.00
# Visual Studio Version 17
VisualStudioVersion = 17.4.33122.133
MinimumVisualStudioVersion = 10.0.40219.1
Project("{FAE04EC0-301F-11D3-BF4B-00C04F79EFBC}") = "KMusic", "KMusic\KMusic.csproj", "{97091DFB-7B08-4C23-BC77-5039B5920DB3}"
EndProject
Global
	GlobalSection(SolutionConfigurationPlatforms) = preSolution
		Debug|Any CPU = Debug|Any CPU
		Release|Any CPU = Release|Any CPU
	EndGlobalSection
	GlobalSection(ProjectConfigurationPlatforms) = postSolution
		{97091DFB-7B08-4C23-BC77-5039B5920DB3}.Debug|Any CPU.ActiveCfg = Debug|Any CPU
		{97091DFB-7B08-4C23-BC77-5039B5920DB3}.Debug|Any CPU.Build.0 = Debug|Any CPU
		{97091DFB-7B08-4C23-BC77-5039B5920DB3}.Release|Any CPU.ActiveCfg = Release|Any CPU
		{97091DFB-7B08-4C23-BC77-5039B5920DB3}.Release|Any CPU.Build.0 = Release|Any CPU
	EndGlobalSection
	GlobalSection(SolutionProperties) = preSolution
		HideSolutionNode = FALSE
	EndGlobalSection
	GlobalSection(ExtensibilityGlobals) = postSolution
		SolutionGuid = {AEE45344-DC0B-4C40-9BD1-36209BAC17B7}
	EndGlobalSection
EndGlobal
