
Microsoft Visual Studio Solution File, Format Version 12.00
# Visual Studio Version 17
VisualStudioVersion = 17.3.32901.215
MinimumVisualStudioVersion = 10.0.40219.1
Project("{FAE04EC0-301F-11D3-BF4B-00C04F79EFBC}") = "KMusic", "KMusic\KMusic.csproj", "{4D610E55-7D4F-4470-9766-5B15297C8792}"
EndProject
Global
	GlobalSection(SolutionConfigurationPlatforms) = preSolution
		Debug|Any CPU = Debug|Any CPU
		Release|Any CPU = Release|Any CPU
	EndGlobalSection
	GlobalSection(ProjectConfigurationPlatforms) = postSolution
		{4D610E55-7D4F-4470-9766-5B15297C8792}.Debug|Any CPU.ActiveCfg = Debug|Any CPU
		{4D610E55-7D4F-4470-9766-5B15297C8792}.Debug|Any CPU.Build.0 = Debug|Any CPU
		{4D610E55-7D4F-4470-9766-5B15297C8792}.Release|Any CPU.ActiveCfg = Release|Any CPU
		{4D610E55-7D4F-4470-9766-5B15297C8792}.Release|Any CPU.Build.0 = Release|Any CPU
	EndGlobalSection
	GlobalSection(SolutionProperties) = preSolution
		HideSolutionNode = FALSE
	EndGlobalSection
	GlobalSection(ExtensibilityGlobals) = postSolution
		SolutionGuid = {81D763A7-6038-49A1-9646-1BD7794C4EF9}
	EndGlobalSection
EndGlobal
